Microsoft Visual Studio Solution File, Format Version 12.00
# Visual Studio Version 17
VisualStudioVersion = 17.5.2.0
MinimumVisualStudioVersion = 10.0.40219.1
Project("{FAE04EC0-301F-11D3-BF4B-00C04F79EFBC}") = "SPEAgentWithRetrieval", "SPEAgentWithRetrieval.csproj", "{CA2B3739-96EB-721A-5CAB-4DB5BD0CA9AD}"
EndProject
Global
	GlobalSection(SolutionConfigurationPlatforms) = preSolution
		Debug|Any CPU = Debug|Any CPU
		Release|Any CPU = Release|Any CPU
	EndGlobalSection
	GlobalSection(ProjectConfigurationPlatforms) = postSolution
		{CA2B3739-96EB-721A-5CAB-4DB5BD0CA9AD}.Debug|Any CPU.ActiveCfg = Debug|Any CPU
		{CA2B3739-96EB-721A-5CAB-4DB5BD0CA9AD}.Debug|Any CPU.Build.0 = Debug|Any CPU
		{CA2B3739-96EB-721A-5CAB-4DB5BD0CA9AD}.Release|Any CPU.ActiveCfg = Release|Any CPU
		{CA2B3739-96EB-721A-5CAB-4DB5BD0CA9AD}.Release|Any CPU.Build.0 = Release|Any CPU
	EndGlobalSection
	GlobalSection(SolutionProperties) = preSolution
		HideSolutionNode = FALSE
	EndGlobalSection
	GlobalSection(ExtensibilityGlobals) = postSolution
		SolutionGuid = {12D11FC7-7DF8-46AF-86B8-F69467CD2F55}
	EndGlobalSection
EndGlobal
